# THIS IS AN AUTOGENERATED FILE. DO NOT EDIT THIS FILE DIRECTLY.
# yarn lockfile v1


konva@^9.3.18:
  version "9.3.18"
  resolved "https://registry.yarnpkg.com/konva/-/konva-9.3.18.tgz#20979ae78c51aaabdf7c16ac568fe0e3a649d3ed"
  integrity sha512-ad5h0Y9phUrinBrKXyIISbURRHQO7Rx5cz7mAEEfdVCs45gDqRD8Y0I0nJRk8S6iqEbiRE87CEZu5GVSnU8oow==
